
Microsoft Visual Studio Solution File, Format Version 12.00
# Visual Studio Express 2013 for Web
VisualStudioVersion = 12.0.21005.1
MinimumVisualStudioVersion = 10.0.40219.1
Project("{FAE04EC0-301F-11D3-BF4B-00C04F79EFBC}") = "UILayer", "KarnatakaParcelViewer\UILayer.csproj", "{D5A33331-0E5C-44CA-9552-464848A44E05}"
EndProject
Project("{FAE04EC0-301F-11D3-BF4B-00C04F79EFBC}") = "AgricultureBAL", "AgricultureBAL\AgricultureBAL.csproj", "{CDC7C544-3C8E-46AF-B25E-0A2E7E6F98EF}"
EndProject
Project("{FAE04EC0-301F-11D3-BF4B-00C04F79EFBC}") = "AgricultureDAL", "AgricultureDAL\AgricultureDAL.csproj", "{40F2618E-9B57-465E-8C71-10ECA4D333AE}"
EndProject
Project("{FAE04EC0-301F-11D3-BF4B-00C04F79EFBC}") = "CL", "CL\CL.csproj", "{C9322E30-BFC7-41AC-BF1B-BE72F5DCD77E}"
EndProject
Global
	GlobalSection(SolutionConfigurationPlatforms) = preSolution
		Debug|Any CPU = Debug|Any CPU
		Release|Any CPU = Release|Any CPU
	EndGlobalSection
	GlobalSection(ProjectConfigurationPlatforms) = postSolution
		{D5A33331-0E5C-44CA-9552-464848A44E05}.Debug|Any CPU.ActiveCfg = Debug|Any CPU
		{D5A33331-0E5C-44CA-9552-464848A44E05}.Debug|Any CPU.Build.0 = Debug|Any CPU
		{D5A33331-0E5C-44CA-9552-464848A44E05}.Release|Any CPU.ActiveCfg = Release|Any CPU
		{D5A33331-0E5C-44CA-9552-464848A44E05}.Release|Any CPU.Build.0 = Release|Any CPU
		{CDC7C544-3C8E-46AF-B25E-0A2E7E6F98EF}.Debug|Any CPU.ActiveCfg = Debug|Any CPU
		{CDC7C544-3C8E-46AF-B25E-0A2E7E6F98EF}.Debug|Any CPU.Build.0 = Debug|Any CPU
		{CDC7C544-3C8E-46AF-B25E-0A2E7E6F98EF}.Release|Any CPU.ActiveCfg = Release|Any CPU
		{CDC7C544-3C8E-46AF-B25E-0A2E7E6F98EF}.Release|Any CPU.Build.0 = Release|Any CPU
		{40F2618E-9B57-465E-8C71-10ECA4D333AE}.Debug|Any CPU.ActiveCfg = Debug|Any CPU
		{40F2618E-9B57-465E-8C71-10ECA4D333AE}.Debug|Any CPU.Build.0 = Debug|Any CPU
		{40F2618E-9B57-465E-8C71-10ECA4D333AE}.Release|Any CPU.ActiveCfg = Release|Any CPU
		{40F2618E-9B57-465E-8C71-10ECA4D333AE}.Release|Any CPU.Build.0 = Release|Any CPU
		{C9322E30-BFC7-41AC-BF1B-BE72F5DCD77E}.Debug|Any CPU.ActiveCfg = Debug|Any CPU
		{C9322E30-BFC7-41AC-BF1B-BE72F5DCD77E}.Debug|Any CPU.Build.0 = Debug|Any CPU
		{C9322E30-BFC7-41AC-BF1B-BE72F5DCD77E}.Release|Any CPU.ActiveCfg = Release|Any CPU
		{C9322E30-BFC7-41AC-BF1B-BE72F5DCD77E}.Release|Any CPU.Build.0 = Release|Any CPU
	EndGlobalSection
	GlobalSection(SolutionProperties) = preSolution
		HideSolutionNode = FALSE
	EndGlobalSection
EndGlobal
